// !$*UTF8*$!
{
	archiveVersion = 1;
	classes = {
	};
	objectVersion = 53;
	objects = {

/* Begin PBXBuildFile section */
		E044DA622538632D007C7597 /* DataManagerAbstraction.swift in Sources */ = {isa = PBXBuildFile; fileRef = E044DA612538632D007C7597 /* DataManagerAbstraction.swift */; };
		E0A476B62537DF1F00938B10 /* ConfigurableViewProtocol.swift in Sources */ = {isa = PBXBuildFile; fileRef = E0A476812537DF1E00938B10 /* ConfigurableViewProtocol.swift */; };
		E0A476B72537DF1F00938B10 /* ConversationViewController.swift in Sources */ = {isa = PBXBuildFile; fileRef = E0A476832537DF1E00938B10 /* ConversationViewController.swift */; };
		E0A476B82537DF1F00938B10 /* ConversationCell.swift in Sources */ = {isa = PBXBuildFile; fileRef = E0A476852537DF1E00938B10 /* ConversationCell.swift */; };
		E0A476B92537DF1F00938B10 /* ConversationStoryboard.storyboard in Resources */ = {isa = PBXBuildFile; fileRef = E0A476862537DF1E00938B10 /* ConversationStoryboard.storyboard */; };
		E0A476BA2537DF1F00938B10 /* Assets.xcassets in Resources */ = {isa = PBXBuildFile; fileRef = E0A476872537DF1E00938B10 /* Assets.xcassets */; };
		E0A476BB2537DF1F00938B10 /* ConversationsListViewController.swift in Sources */ = {isa = PBXBuildFile; fileRef = E0A476892537DF1E00938B10 /* ConversationsListViewController.swift */; };
		E0A476BC2537DF1F00938B10 /* NavController.swift in Sources */ = {isa = PBXBuildFile; fileRef = E0A4768A2537DF1E00938B10 /* NavController.swift */; };
		E0A476BD2537DF1F00938B10 /* ConversationsList.storyboard in Resources */ = {isa = PBXBuildFile; fileRef = E0A4768B2537DF1E00938B10 /* ConversationsList.storyboard */; };
		E0A476BE2537DF1F00938B10 /* ConversationListThemePicker.swift in Sources */ = {isa = PBXBuildFile; fileRef = E0A4768D2537DF1E00938B10 /* ConversationListThemePicker.swift */; };
		E0A476BF2537DF1F00938B10 /* ConversationListPassImage.swift in Sources */ = {isa = PBXBuildFile; fileRef = E0A4768E2537DF1E00938B10 /* ConversationListPassImage.swift */; };
		E0A476C02537DF1F00938B10 /* PlaceholderData.swift in Sources */ = {isa = PBXBuildFile; fileRef = E0A476902537DF1E00938B10 /* PlaceholderData.swift */; };
		E0A476C12537DF1F00938B10 /* ConversationCellModel.swift in Sources */ = {isa = PBXBuildFile; fileRef = E0A476912537DF1E00938B10 /* ConversationCellModel.swift */; };
		E0A476C22537DF1F00938B10 /* ChatOfflineCell.swift in Sources */ = {isa = PBXBuildFile; fileRef = E0A476932537DF1E00938B10 /* ChatOfflineCell.swift */; };
		E0A476C32537DF1F00938B10 /* ChatOnlineCell.swift in Sources */ = {isa = PBXBuildFile; fileRef = E0A476942537DF1E00938B10 /* ChatOnlineCell.swift */; };
		E0A476C42537DF1F00938B10 /* LaunchScreen.storyboard in Resources */ = {isa = PBXBuildFile; fileRef = E0A476952537DF1E00938B10 /* LaunchScreen.storyboard */; };
		E0A476C52537DF1F00938B10 /* Logger.swift in Sources */ = {isa = PBXBuildFile; fileRef = E0A476962537DF1E00938B10 /* Logger.swift */; };
		E0A476C62537DF1F00938B10 /* ThemesViewController.swift in Sources */ = {isa = PBXBuildFile; fileRef = E0A476982537DF1E00938B10 /* ThemesViewController.swift */; };
		E0A476C72537DF1F00938B10 /* ThemesViewController.storyboard in Resources */ = {isa = PBXBuildFile; fileRef = E0A476992537DF1E00938B10 /* ThemesViewController.storyboard */; };
		E0A476C82537DF1F00938B10 /* AppDelegate.swift in Sources */ = {isa = PBXBuildFile; fileRef = E0A4769B2537DF1E00938B10 /* AppDelegate.swift */; };
		E0A476CA2537DF1F00938B10 /* Profile.storyboard in Resources */ = {isa = PBXBuildFile; fileRef = E0A4769E2537DF1F00938B10 /* Profile.storyboard */; };
		E0A476CB2537DF1F00938B10 /* ImagePickerExtension.swift in Sources */ = {isa = PBXBuildFile; fileRef = E0A476A12537DF1F00938B10 /* ImagePickerExtension.swift */; };
		E0A476CD2537DF1F00938B10 /* ProfileInformationStruct.swift in Sources */ = {isa = PBXBuildFile; fileRef = E0A476A42537DF1F00938B10 /* ProfileInformationStruct.swift */; };
		E0A476CE2537DF1F00938B10 /* ProfileViewController.swift in Sources */ = {isa = PBXBuildFile; fileRef = E0A476A52537DF1F00938B10 /* ProfileViewController.swift */; };
		E0A476CF2537DF1F00938B10 /* ProfileAvatarView.swift in Sources */ = {isa = PBXBuildFile; fileRef = E0A476A72537DF1F00938B10 /* ProfileAvatarView.swift */; };
		E0A476D02537DF1F00938B10 /* DefaultThemeRepository.swift in Sources */ = {isa = PBXBuildFile; fileRef = E0A476AA2537DF1F00938B10 /* DefaultThemeRepository.swift */; };
		E0A476D12537DF1F00938B10 /* DayTheme.swift in Sources */ = {isa = PBXBuildFile; fileRef = E0A476AC2537DF1F00938B10 /* DayTheme.swift */; };
		E0A476D22537DF1F00938B10 /* ClassicTheme.swift in Sources */ = {isa = PBXBuildFile; fileRef = E0A476AD2537DF1F00938B10 /* ClassicTheme.swift */; };
		E0A476D32537DF1F00938B10 /* NightTheme.swift in Sources */ = {isa = PBXBuildFile; fileRef = E0A476AE2537DF1F00938B10 /* NightTheme.swift */; };
		E0A476D42537DF1F00938B10 /* ThemeManager.swift in Sources */ = {isa = PBXBuildFile; fileRef = E0A476AF2537DF1F00938B10 /* ThemeManager.swift */; };
		E0A476D52537DF1F00938B10 /* ThemeProtocol.swift in Sources */ = {isa = PBXBuildFile; fileRef = E0A476B02537DF1F00938B10 /* ThemeProtocol.swift */; };
		E0A476D62537DF1F00938B10 /* ThemesPickerDelegate.swift in Sources */ = {isa = PBXBuildFile; fileRef = E0A476B12537DF1F00938B10 /* ThemesPickerDelegate.swift */; };
		E0A476D72537DF1F00938B10 /* InterfaceStyle.swift in Sources */ = {isa = PBXBuildFile; fileRef = E0A476B22537DF1F00938B10 /* InterfaceStyle.swift */; };
		E0A476D82537DF1F00938B10 /* OperationDataManager.swift in Sources */ = {isa = PBXBuildFile; fileRef = E0A476B42537DF1F00938B10 /* OperationDataManager.swift */; };
		E0A476D92537DF1F00938B10 /* GCDDataManager.swift in Sources */ = {isa = PBXBuildFile; fileRef = E0A476B52537DF1F00938B10 /* GCDDataManager.swift */; };
		E0A476EB2537E93800938B10 /* SaveOperation.swift in Sources */ = {isa = PBXBuildFile; fileRef = E0A476EA2537E93800938B10 /* SaveOperation.swift */; };
		E0A476EE2537E94500938B10 /* LoadOperation.swift in Sources */ = {isa = PBXBuildFile; fileRef = E0A476ED2537E94500938B10 /* LoadOperation.swift */; };
		E0A476F22537F52C00938B10 /* DataUpdaterDelegate.swift in Sources */ = {isa = PBXBuildFile; fileRef = E0A476F12537F52C00938B10 /* DataUpdaterDelegate.swift */; };
/* End PBXBuildFile section */

/* Begin PBXFileReference section */
		E044DA612538632D007C7597 /* DataManagerAbstraction.swift */ = {isa = PBXFileReference; lastKnownFileType = sourcecode.swift; path = DataManagerAbstraction.swift; sourceTree = "<group>"; };
		E0A476812537DF1E00938B10 /* ConfigurableViewProtocol.swift */ = {isa = PBXFileReference; fileEncoding = 4; lastKnownFileType = sourcecode.swift; path = ConfigurableViewProtocol.swift; sourceTree = "<group>"; };
		E0A476832537DF1E00938B10 /* ConversationViewController.swift */ = {isa = PBXFileReference; fileEncoding = 4; lastKnownFileType = sourcecode.swift; path = ConversationViewController.swift; sourceTree = "<group>"; };
		E0A476852537DF1E00938B10 /* ConversationCell.swift */ = {isa = PBXFileReference; fileEncoding = 4; lastKnownFileType = sourcecode.swift; path = ConversationCell.swift; sourceTree = "<group>"; };
		E0A476862537DF1E00938B10 /* ConversationStoryboard.storyboard */ = {isa = PBXFileReference; fileEncoding = 4; lastKnownFileType = file.storyboard; path = ConversationStoryboard.storyboard; sourceTree = "<group>"; };
		E0A476872537DF1E00938B10 /* Assets.xcassets */ = {isa = PBXFileReference; lastKnownFileType = folder.assetcatalog; path = Assets.xcassets; sourceTree = "<group>"; };
		E0A476892537DF1E00938B10 /* ConversationsListViewController.swift */ = {isa = PBXFileReference; fileEncoding = 4; lastKnownFileType = sourcecode.swift; path = ConversationsListViewController.swift; sourceTree = "<group>"; };
		E0A4768A2537DF1E00938B10 /* NavController.swift */ = {isa = PBXFileReference; fileEncoding = 4; lastKnownFileType = sourcecode.swift; path = NavController.swift; sourceTree = "<group>"; };
		E0A4768B2537DF1E00938B10 /* ConversationsList.storyboard */ = {isa = PBXFileReference; fileEncoding = 4; lastKnownFileType = file.storyboard; path = ConversationsList.storyboard; sourceTree = "<group>"; };
		E0A4768D2537DF1E00938B10 /* ConversationListThemePicker.swift */ = {isa = PBXFileReference; fileEncoding = 4; lastKnownFileType = sourcecode.swift; path = ConversationListThemePicker.swift; sourceTree = "<group>"; };
		E0A4768E2537DF1E00938B10 /* ConversationListPassImage.swift */ = {isa = PBXFileReference; fileEncoding = 4; lastKnownFileType = sourcecode.swift; path = ConversationListPassImage.swift; sourceTree = "<group>"; };
		E0A476902537DF1E00938B10 /* PlaceholderData.swift */ = {isa = PBXFileReference; fileEncoding = 4; lastKnownFileType = sourcecode.swift; path = PlaceholderData.swift; sourceTree = "<group>"; };
		E0A476912537DF1E00938B10 /* ConversationCellModel.swift */ = {isa = PBXFileReference; fileEncoding = 4; lastKnownFileType = sourcecode.swift; path = ConversationCellModel.swift; sourceTree = "<group>"; };
		E0A476932537DF1E00938B10 /* ChatOfflineCell.swift */ = {isa = PBXFileReference; fileEncoding = 4; lastKnownFileType = sourcecode.swift; path = ChatOfflineCell.swift; sourceTree = "<group>"; };
		E0A476942537DF1E00938B10 /* ChatOnlineCell.swift */ = {isa = PBXFileReference; fileEncoding = 4; lastKnownFileType = sourcecode.swift; path = ChatOnlineCell.swift; sourceTree = "<group>"; };
		E0A476952537DF1E00938B10 /* LaunchScreen.storyboard */ = {isa = PBXFileReference; fileEncoding = 4; lastKnownFileType = file.storyboard; path = LaunchScreen.storyboard; sourceTree = "<group>"; };
		E0A476962537DF1E00938B10 /* Logger.swift */ = {isa = PBXFileReference; fileEncoding = 4; lastKnownFileType = sourcecode.swift; path = Logger.swift; sourceTree = "<group>"; };
		E0A476982537DF1E00938B10 /* ThemesViewController.swift */ = {isa = PBXFileReference; fileEncoding = 4; lastKnownFileType = sourcecode.swift; path = ThemesViewController.swift; sourceTree = "<group>"; };
		E0A476992537DF1E00938B10 /* ThemesViewController.storyboard */ = {isa = PBXFileReference; fileEncoding = 4; lastKnownFileType = file.storyboard; path = ThemesViewController.storyboard; sourceTree = "<group>"; };
		E0A4769B2537DF1E00938B10 /* AppDelegate.swift */ = {isa = PBXFileReference; fileEncoding = 4; lastKnownFileType = sourcecode.swift; path = AppDelegate.swift; sourceTree = "<group>"; };
		E0A4769C2537DF1F00938B10 /* Info.plist */ = {isa = PBXFileReference; fileEncoding = 4; lastKnownFileType = text.plist.xml; path = Info.plist; sourceTree = "<group>"; };
		E0A4769F2537DF1F00938B10 /* Base */ = {isa = PBXFileReference; lastKnownFileType = file.storyboard; name = Base; path = Base.lproj/Profile.storyboard; sourceTree = "<group>"; };
		E0A476A12537DF1F00938B10 /* ImagePickerExtension.swift */ = {isa = PBXFileReference; fileEncoding = 4; lastKnownFileType = sourcecode.swift; path = ImagePickerExtension.swift; sourceTree = "<group>"; };
		E0A476A42537DF1F00938B10 /* ProfileInformationStruct.swift */ = {isa = PBXFileReference; fileEncoding = 4; lastKnownFileType = sourcecode.swift; path = ProfileInformationStruct.swift; sourceTree = "<group>"; };
		E0A476A52537DF1F00938B10 /* ProfileViewController.swift */ = {isa = PBXFileReference; fileEncoding = 4; lastKnownFileType = sourcecode.swift; path = ProfileViewController.swift; sourceTree = "<group>"; };
		E0A476A72537DF1F00938B10 /* ProfileAvatarView.swift */ = {isa = PBXFileReference; fileEncoding = 4; lastKnownFileType = sourcecode.swift; path = ProfileAvatarView.swift; sourceTree = "<group>"; };
		E0A476AA2537DF1F00938B10 /* DefaultThemeRepository.swift */ = {isa = PBXFileReference; fileEncoding = 4; lastKnownFileType = sourcecode.swift; path = DefaultThemeRepository.swift; sourceTree = "<group>"; };
		E0A476AC2537DF1F00938B10 /* DayTheme.swift */ = {isa = PBXFileReference; fileEncoding = 4; lastKnownFileType = sourcecode.swift; path = DayTheme.swift; sourceTree = "<group>"; };
		E0A476AD2537DF1F00938B10 /* ClassicTheme.swift */ = {isa = PBXFileReference; fileEncoding = 4; lastKnownFileType = sourcecode.swift; path = ClassicTheme.swift; sourceTree = "<group>"; };
		E0A476AE2537DF1F00938B10 /* NightTheme.swift */ = {isa = PBXFileReference; fileEncoding = 4; lastKnownFileType = sourcecode.swift; path = NightTheme.swift; sourceTree = "<group>"; };
		E0A476AF2537DF1F00938B10 /* ThemeManager.swift */ = {isa = PBXFileReference; fileEncoding = 4; lastKnownFileType = sourcecode.swift; path = ThemeManager.swift; sourceTree = "<group>"; };
		E0A476B02537DF1F00938B10 /* ThemeProtocol.swift */ = {isa = PBXFileReference; fileEncoding = 4; lastKnownFileType = sourcecode.swift; path = ThemeProtocol.swift; sourceTree = "<group>"; };
		E0A476B12537DF1F00938B10 /* ThemesPickerDelegate.swift */ = {isa = PBXFileReference; fileEncoding = 4; lastKnownFileType = sourcecode.swift; path = ThemesPickerDelegate.swift; sourceTree = "<group>"; };
		E0A476B22537DF1F00938B10 /* InterfaceStyle.swift */ = {isa = PBXFileReference; fileEncoding = 4; lastKnownFileType = sourcecode.swift; path = InterfaceStyle.swift; sourceTree = "<group>"; };
		E0A476B42537DF1F00938B10 /* OperationDataManager.swift */ = {isa = PBXFileReference; fileEncoding = 4; lastKnownFileType = sourcecode.swift; path = OperationDataManager.swift; sourceTree = "<group>"; };
		E0A476B52537DF1F00938B10 /* GCDDataManager.swift */ = {isa = PBXFileReference; fileEncoding = 4; lastKnownFileType = sourcecode.swift; path = GCDDataManager.swift; sourceTree = "<group>"; };
		E0A476EA2537E93800938B10 /* SaveOperation.swift */ = {isa = PBXFileReference; lastKnownFileType = sourcecode.swift; path = SaveOperation.swift; sourceTree = "<group>"; };
		E0A476ED2537E94500938B10 /* LoadOperation.swift */ = {isa = PBXFileReference; lastKnownFileType = sourcecode.swift; path = LoadOperation.swift; sourceTree = "<group>"; };
		E0A476F12537F52C00938B10 /* DataUpdaterDelegate.swift */ = {isa = PBXFileReference; lastKnownFileType = sourcecode.swift; path = DataUpdaterDelegate.swift; sourceTree = "<group>"; };
		E0EBA6B2250A8E2D004CD943 /* Tinkoff Fintech App.app */ = {isa = PBXFileReference; explicitFileType = wrapper.application; includeInIndex = 0; path = "Tinkoff Fintech App.app"; sourceTree = BUILT_PRODUCTS_DIR; };
/* End PBXFileReference section */

/* Begin PBXFrameworksBuildPhase section */
		E0EBA6AF250A8E2D004CD943 /* Frameworks */ = {
			isa = PBXFrameworksBuildPhase;
			buildActionMask = 2147483647;
			files = (
			);
			runOnlyForDeploymentPostprocessing = 0;
		};
/* End PBXFrameworksBuildPhase section */

/* Begin PBXGroup section */
		E0A476822537DF1E00938B10 /* ConversationViewController */ = {
			isa = PBXGroup;
			children = (
				E0A476832537DF1E00938B10 /* ConversationViewController.swift */,
				E0A476842537DF1E00938B10 /* Views */,
				E0A476862537DF1E00938B10 /* ConversationStoryboard.storyboard */,
			);
			path = ConversationViewController;
			sourceTree = "<group>";
		};
		E0A476842537DF1E00938B10 /* Views */ = {
			isa = PBXGroup;
			children = (
				E0A476852537DF1E00938B10 /* ConversationCell.swift */,
			);
			path = Views;
			sourceTree = "<group>";
		};
		E0A476882537DF1E00938B10 /* ConversationsListViewController */ = {
			isa = PBXGroup;
			children = (
				E0A476892537DF1E00938B10 /* ConversationsListViewController.swift */,
				E0A4768A2537DF1E00938B10 /* NavController.swift */,
				E0A4768B2537DF1E00938B10 /* ConversationsList.storyboard */,
				E0A4768C2537DF1E00938B10 /* Extensions */,
				E0A4768F2537DF1E00938B10 /* Model */,
				E0A476922537DF1E00938B10 /* Views */,
			);
			path = ConversationsListViewController;
			sourceTree = "<group>";
		};
		E0A4768C2537DF1E00938B10 /* Extensions */ = {
			isa = PBXGroup;
			children = (
				E0A4768D2537DF1E00938B10 /* ConversationListThemePicker.swift */,
				E0A4768E2537DF1E00938B10 /* ConversationListPassImage.swift */,
			);
			path = Extensions;
			sourceTree = "<group>";
		};
		E0A4768F2537DF1E00938B10 /* Model */ = {
			isa = PBXGroup;
			children = (
				E0A476902537DF1E00938B10 /* PlaceholderData.swift */,
				E0A476912537DF1E00938B10 /* ConversationCellModel.swift */,
			);
			path = Model;
			sourceTree = "<group>";
		};
		E0A476922537DF1E00938B10 /* Views */ = {
			isa = PBXGroup;
			children = (
				E0A476932537DF1E00938B10 /* ChatOfflineCell.swift */,
				E0A476942537DF1E00938B10 /* ChatOnlineCell.swift */,
			);
			path = Views;
			sourceTree = "<group>";
		};
		E0A476972537DF1E00938B10 /* ThemesViewController */ = {
			isa = PBXGroup;
			children = (
				E0A476982537DF1E00938B10 /* ThemesViewController.swift */,
				E0A476992537DF1E00938B10 /* ThemesViewController.storyboard */,
			);
			path = ThemesViewController;
			sourceTree = "<group>";
		};
		E0A4769D2537DF1F00938B10 /* ProfileViewController */ = {
			isa = PBXGroup;
			children = (
				E0A4769E2537DF1F00938B10 /* Profile.storyboard */,
				E0A476A52537DF1F00938B10 /* ProfileViewController.swift */,
				E0A476A02537DF1F00938B10 /* Extensions */,
				E0A476A22537DF1F00938B10 /* Model */,
				E0A476A62537DF1F00938B10 /* Views */,
			);
			path = ProfileViewController;
			sourceTree = "<group>";
		};
		E0A476A02537DF1F00938B10 /* Extensions */ = {
			isa = PBXGroup;
			children = (
				E0A476A12537DF1F00938B10 /* ImagePickerExtension.swift */,
			);
			path = Extensions;
			sourceTree = "<group>";
		};
		E0A476A22537DF1F00938B10 /* Model */ = {
			isa = PBXGroup;
			children = (
				E0A476A42537DF1F00938B10 /* ProfileInformationStruct.swift */,
			);
			path = Model;
			sourceTree = "<group>";
		};
		E0A476A62537DF1F00938B10 /* Views */ = {
			isa = PBXGroup;
			children = (
				E0A476A72537DF1F00938B10 /* ProfileAvatarView.swift */,
			);
			path = Views;
			sourceTree = "<group>";
		};
		E0A476A82537DF1F00938B10 /* Resources */ = {
			isa = PBXGroup;
			children = (
				E0A476812537DF1E00938B10 /* ConfigurableViewProtocol.swift */,
				E0A476962537DF1E00938B10 /* Logger.swift */,
				E0A476A92537DF1F00938B10 /* Theme Configuration */,
				E0A476B32537DF1F00938B10 /* ProfileDataManager */,
			);
			path = Resources;
			sourceTree = "<group>";
		};
		E0A476A92537DF1F00938B10 /* Theme Configuration */ = {
			isa = PBXGroup;
			children = (
				E0A476AF2537DF1F00938B10 /* ThemeManager.swift */,
				E0A476AA2537DF1F00938B10 /* DefaultThemeRepository.swift */,
				E0A476B02537DF1F00938B10 /* ThemeProtocol.swift */,
				E0A476B12537DF1F00938B10 /* ThemesPickerDelegate.swift */,
				E0A476B22537DF1F00938B10 /* InterfaceStyle.swift */,
				E0A476AB2537DF1F00938B10 /* ThemeClasses */,
			);
			path = "Theme Configuration";
			sourceTree = "<group>";
		};
		E0A476AB2537DF1F00938B10 /* ThemeClasses */ = {
			isa = PBXGroup;
			children = (
				E0A476AC2537DF1F00938B10 /* DayTheme.swift */,
				E0A476AD2537DF1F00938B10 /* ClassicTheme.swift */,
				E0A476AE2537DF1F00938B10 /* NightTheme.swift */,
			);
			path = ThemeClasses;
			sourceTree = "<group>";
		};
		E0A476B32537DF1F00938B10 /* ProfileDataManager */ = {
			isa = PBXGroup;
			children = (
				E044DA612538632D007C7597 /* DataManagerAbstraction.swift */,
				E0A476F12537F52C00938B10 /* DataUpdaterDelegate.swift */,
				E0A476E62537E90000938B10 /* GCD */,
				E0A476E82537E90B00938B10 /* Operation */,
			);
			path = ProfileDataManager;
			sourceTree = "<group>";
		};
		E0A476E62537E90000938B10 /* GCD */ = {
			isa = PBXGroup;
			children = (
				E0A476B52537DF1F00938B10 /* GCDDataManager.swift */,
			);
			path = GCD;
			sourceTree = "<group>";
		};
		E0A476E82537E90B00938B10 /* Operation */ = {
			isa = PBXGroup;
			children = (
				E0A476B42537DF1F00938B10 /* OperationDataManager.swift */,
				E0A476EA2537E93800938B10 /* SaveOperation.swift */,
				E0A476ED2537E94500938B10 /* LoadOperation.swift */,
			);
			path = Operation;
			sourceTree = "<group>";
		};
		E0EBA6A9250A8E2D004CD943 = {
			isa = PBXGroup;
			children = (
				E0EBA6B4250A8E2D004CD943 /* Tinkoff Fintech App */,
				E0EBA6B3250A8E2D004CD943 /* Products */,
			);
			sourceTree = "<group>";
		};
		E0EBA6B3250A8E2D004CD943 /* Products */ = {
			isa = PBXGroup;
			children = (
				E0EBA6B2250A8E2D004CD943 /* Tinkoff Fintech App.app */,
			);
			name = Products;
			sourceTree = "<group>";
		};
		E0EBA6B4250A8E2D004CD943 /* Tinkoff Fintech App */ = {
			isa = PBXGroup;
			children = (
				E0A4769B2537DF1E00938B10 /* AppDelegate.swift */,
				E0A4769C2537DF1F00938B10 /* Info.plist */,
				E0A476952537DF1E00938B10 /* LaunchScreen.storyboard */,
				E0A476872537DF1E00938B10 /* Assets.xcassets */,
				E0A476A82537DF1F00938B10 /* Resources */,
				E0A476882537DF1E00938B10 /* ConversationsListViewController */,
				E0A476822537DF1E00938B10 /* ConversationViewController */,
				E0A476972537DF1E00938B10 /* ThemesViewController */,
				E0A4769D2537DF1F00938B10 /* ProfileViewController */,
			);
			path = "Tinkoff Fintech App";
			sourceTree = "<group>";
		};
/* End PBXGroup section */

/* Begin PBXNativeTarget section */
		E0EBA6B1250A8E2D004CD943 /* Tinkoff Fintech App */ = {
			isa = PBXNativeTarget;
			buildConfigurationList = E0EBA6C6250A8E30004CD943 /* Build configuration list for PBXNativeTarget "Tinkoff Fintech App" */;
			buildPhases = (
				E0EBA6AE250A8E2D004CD943 /* Sources */,
				E0EBA6AF250A8E2D004CD943 /* Frameworks */,
				E0EBA6B0250A8E2D004CD943 /* Resources */,
			);
			buildRules = (
			);
			dependencies = (
			);
			name = "Tinkoff Fintech App";
			productName = "Tinkoff Fintech App";
			productReference = E0EBA6B2250A8E2D004CD943 /* Tinkoff Fintech App.app */;
			productType = "com.apple.product-type.application";
		};
/* End PBXNativeTarget section */

/* Begin PBXProject section */
		E0EBA6AA250A8E2D004CD943 /* Project object */ = {
			isa = PBXProject;
			attributes = {
				LastSwiftUpdateCheck = 1170;
				LastUpgradeCheck = 1200;
				ORGANIZATIONNAME = "Dobrotolyubov Danila";
				TargetAttributes = {
					E0EBA6B1250A8E2D004CD943 = {
						CreatedOnToolsVersion = 11.7;
						LastSwiftMigration = 1200;
					};
				};
			};
			buildConfigurationList = E0EBA6AD250A8E2D004CD943 /* Build configuration list for PBXProject "Tinkoff Fintech App" */;
			compatibilityVersion = "Xcode 11.4";
			developmentRegion = en;
			hasScannedForEncodings = 0;
			knownRegions = (
				en,
				Base,
			);
			mainGroup = E0EBA6A9250A8E2D004CD943;
			productRefGroup = E0EBA6B3250A8E2D004CD943 /* Products */;
			projectDirPath = "";
			projectRoot = "";
			targets = (
				E0EBA6B1250A8E2D004CD943 /* Tinkoff Fintech App */,
			);
		};
/* End PBXProject section */

/* Begin PBXResourcesBuildPhase section */
		E0EBA6B0250A8E2D004CD943 /* Resources */ = {
			isa = PBXResourcesBuildPhase;
			buildActionMask = 2147483647;
			files = (
				E0A476C72537DF1F00938B10 /* ThemesViewController.storyboard in Resources */,
				E0A476BA2537DF1F00938B10 /* Assets.xcassets in Resources */,
				E0A476C42537DF1F00938B10 /* LaunchScreen.storyboard in Resources */,
				E0A476B92537DF1F00938B10 /* ConversationStoryboard.storyboard in Resources */,
				E0A476CA2537DF1F00938B10 /* Profile.storyboard in Resources */,
				E0A476BD2537DF1F00938B10 /* ConversationsList.storyboard in Resources */,
			);
			runOnlyForDeploymentPostprocessing = 0;
		};
/* End PBXResourcesBuildPhase section */

/* Begin PBXSourcesBuildPhase section */
		E0EBA6AE250A8E2D004CD943 /* Sources */ = {
			isa = PBXSourcesBuildPhase;
			buildActionMask = 2147483647;
			files = (
				E0A476D42537DF1F00938B10 /* ThemeManager.swift in Sources */,
				E0A476BC2537DF1F00938B10 /* NavController.swift in Sources */,
				E0A476CF2537DF1F00938B10 /* ProfileAvatarView.swift in Sources */,
				E0A476D52537DF1F00938B10 /* ThemeProtocol.swift in Sources */,
				E044DA622538632D007C7597 /* DataManagerAbstraction.swift in Sources */,
				E0A476B72537DF1F00938B10 /* ConversationViewController.swift in Sources */,
				E0A476BF2537DF1F00938B10 /* ConversationListPassImage.swift in Sources */,
				E0A476C62537DF1F00938B10 /* ThemesViewController.swift in Sources */,
				E0A476C82537DF1F00938B10 /* AppDelegate.swift in Sources */,
				E0A476D82537DF1F00938B10 /* OperationDataManager.swift in Sources */,
				E0A476D12537DF1F00938B10 /* DayTheme.swift in Sources */,
				E0A476CD2537DF1F00938B10 /* ProfileInformationStruct.swift in Sources */,
				E0A476BE2537DF1F00938B10 /* ConversationListThemePicker.swift in Sources */,
				E0A476CE2537DF1F00938B10 /* ProfileViewController.swift in Sources */,
				E0A476D32537DF1F00938B10 /* NightTheme.swift in Sources */,
				E0A476D72537DF1F00938B10 /* InterfaceStyle.swift in Sources */,
				E0A476EE2537E94500938B10 /* LoadOperation.swift in Sources */,
				E0A476BB2537DF1F00938B10 /* ConversationsListViewController.swift in Sources */,
				E0A476F22537F52C00938B10 /* DataUpdaterDelegate.swift in Sources */,
				E0A476D62537DF1F00938B10 /* ThemesPickerDelegate.swift in Sources */,
				E0A476C02537DF1F00938B10 /* PlaceholderData.swift in Sources */,
				E0A476D92537DF1F00938B10 /* GCDDataManager.swift in Sources */,
				E0A476D02537DF1F00938B10 /* DefaultThemeRepository.swift in Sources */,
				E0A476B62537DF1F00938B10 /* ConfigurableViewProtocol.swift in Sources */,
				E0A476CB2537DF1F00938B10 /* ImagePickerExtension.swift in Sources */,
				E0A476D22537DF1F00938B10 /* ClassicTheme.swift in Sources */,
				E0A476C52537DF1F00938B10 /* Logger.swift in Sources */,
				E0A476EB2537E93800938B10 /* SaveOperation.swift in Sources */,
				E0A476B82537DF1F00938B10 /* ConversationCell.swift in Sources */,
				E0A476C12537DF1F00938B10 /* ConversationCellModel.swift in Sources */,
				E0A476C22537DF1F00938B10 /* ChatOfflineCell.swift in Sources */,
				E0A476C32537DF1F00938B10 /* ChatOnlineCell.swift in Sources */,
			);
			runOnlyForDeploymentPostprocessing = 0;
		};
/* End PBXSourcesBuildPhase section */

/* Begin PBXVariantGroup section */
		E0A4769E2537DF1F00938B10 /* Profile.storyboard */ = {
			isa = PBXVariantGroup;
			children = (
				E0A4769F2537DF1F00938B10 /* Base */,
			);
			name = Profile.storyboard;
			sourceTree = "<group>";
		};
/* End PBXVariantGroup section */

/* Begin XCBuildConfiguration section */
		E0EBA6C4250A8E30004CD943 /* Debug */ = {
			isa = XCBuildConfiguration;
			buildSettings = {
				ALWAYS_SEARCH_USER_PATHS = NO;
				CLANG_ANALYZER_NONNULL = YES;
				CLANG_ANALYZER_NUMBER_OBJECT_CONVERSION = YES_AGGRESSIVE;
				CLANG_CXX_LANGUAGE_STANDARD = "gnu++14";
				CLANG_CXX_LIBRARY = "libc++";
				CLANG_ENABLE_MODULES = YES;
				CLANG_ENABLE_OBJC_ARC = YES;
				CLANG_ENABLE_OBJC_WEAK = YES;
				CLANG_WARN_BLOCK_CAPTURE_AUTORELEASING = YES;
				CLANG_WARN_BOOL_CONVERSION = YES;
				CLANG_WARN_COMMA = YES;
				CLANG_WARN_CONSTANT_CONVERSION = YES;
				CLANG_WARN_DEPRECATED_OBJC_IMPLEMENTATIONS = YES;
				CLANG_WARN_DIRECT_OBJC_ISA_USAGE = YES_ERROR;
				CLANG_WARN_DOCUMENTATION_COMMENTS = YES;
				CLANG_WARN_EMPTY_BODY = YES;
				CLANG_WARN_ENUM_CONVERSION = YES;
				CLANG_WARN_INFINITE_RECURSION = YES;
				CLANG_WARN_INT_CONVERSION = YES;
				CLANG_WARN_NON_LITERAL_NULL_CONVERSION = YES;
				CLANG_WARN_OBJC_IMPLICIT_RETAIN_SELF = YES;
				CLANG_WARN_OBJC_LITERAL_CONVERSION = YES;
				CLANG_WARN_OBJC_ROOT_CLASS = YES_ERROR;
				CLANG_WARN_QUOTED_INCLUDE_IN_FRAMEWORK_HEADER = YES;
				CLANG_WARN_RANGE_LOOP_ANALYSIS = YES;
				CLANG_WARN_STRICT_PROTOTYPES = YES;
				CLANG_WARN_SUSPICIOUS_MOVE = YES;
				CLANG_WARN_UNGUARDED_AVAILABILITY = YES_AGGRESSIVE;
				CLANG_WARN_UNREACHABLE_CODE = YES;
				CLANG_WARN__DUPLICATE_METHOD_MATCH = YES;
				COPY_PHASE_STRIP = NO;
				DEBUG_INFORMATION_FORMAT = dwarf;
				ENABLE_STRICT_OBJC_MSGSEND = YES;
				ENABLE_TESTABILITY = YES;
				GCC_C_LANGUAGE_STANDARD = gnu11;
				GCC_DYNAMIC_NO_PIC = NO;
				GCC_NO_COMMON_BLOCKS = YES;
				GCC_OPTIMIZATION_LEVEL = 0;
				GCC_PREPROCESSOR_DEFINITIONS = (
					"DEBUG=1",
					"$(inherited)",
				);
				GCC_WARN_64_TO_32_BIT_CONVERSION = YES;
				GCC_WARN_ABOUT_RETURN_TYPE = YES_ERROR;
				GCC_WARN_UNDECLARED_SELECTOR = YES;
				GCC_WARN_UNINITIALIZED_AUTOS = YES_AGGRESSIVE;
				GCC_WARN_UNUSED_FUNCTION = YES;
				GCC_WARN_UNUSED_VARIABLE = YES;
				IPHONEOS_DEPLOYMENT_TARGET = 12.0;
				MTL_ENABLE_DEBUG_INFO = INCLUDE_SOURCE;
				MTL_FAST_MATH = YES;
				ONLY_ACTIVE_ARCH = YES;
				SDKROOT = iphoneos;
				SWIFT_ACTIVE_COMPILATION_CONDITIONS = DEBUG;
				SWIFT_OPTIMIZATION_LEVEL = "-Onone";
			};
			name = Debug;
		};
		E0EBA6C5250A8E30004CD943 /* Release */ = {
			isa = XCBuildConfiguration;
			buildSettings = {
				ALWAYS_SEARCH_USER_PATHS = NO;
				CLANG_ANALYZER_NONNULL = YES;
				CLANG_ANALYZER_NUMBER_OBJECT_CONVERSION = YES_AGGRESSIVE;
				CLANG_CXX_LANGUAGE_STANDARD = "gnu++14";
				CLANG_CXX_LIBRARY = "libc++";
				CLANG_ENABLE_MODULES = YES;
				CLANG_ENABLE_OBJC_ARC = YES;
				CLANG_ENABLE_OBJC_WEAK = YES;
				CLANG_WARN_BLOCK_CAPTURE_AUTORELEASING = YES;
				CLANG_WARN_BOOL_CONVERSION = YES;
				CLANG_WARN_COMMA = YES;
				CLANG_WARN_CONSTANT_CONVERSION = YES;
				CLANG_WARN_DEPRECATED_OBJC_IMPLEMENTATIONS = YES;
				CLANG_WARN_DIRECT_OBJC_ISA_USAGE = YES_ERROR;
				CLANG_WARN_DOCUMENTATION_COMMENTS = YES;
				CLANG_WARN_EMPTY_BODY = YES;
				CLANG_WARN_ENUM_CONVERSION = YES;
				CLANG_WARN_INFINITE_RECURSION = YES;
				CLANG_WARN_INT_CONVERSION = YES;
				CLANG_WARN_NON_LITERAL_NULL_CONVERSION = YES;
				CLANG_WARN_OBJC_IMPLICIT_RETAIN_SELF = YES;
				CLANG_WARN_OBJC_LITERAL_CONVERSION = YES;
				CLANG_WARN_OBJC_ROOT_CLASS = YES_ERROR;
				CLANG_WARN_QUOTED_INCLUDE_IN_FRAMEWORK_HEADER = YES;
				CLANG_WARN_RANGE_LOOP_ANALYSIS = YES;
				CLANG_WARN_STRICT_PROTOTYPES = YES;
				CLANG_WARN_SUSPICIOUS_MOVE = YES;
				CLANG_WARN_UNGUARDED_AVAILABILITY = YES_AGGRESSIVE;
				CLANG_WARN_UNREACHABLE_CODE = YES;
				CLANG_WARN__DUPLICATE_METHOD_MATCH = YES;
				COPY_PHASE_STRIP = NO;
				DEBUG_INFORMATION_FORMAT = "dwarf-with-dsym";
				ENABLE_NS_ASSERTIONS = NO;
				ENABLE_STRICT_OBJC_MSGSEND = YES;
				GCC_C_LANGUAGE_STANDARD = gnu11;
				GCC_NO_COMMON_BLOCKS = YES;
				GCC_WARN_64_TO_32_BIT_CONVERSION = YES;
				GCC_WARN_ABOUT_RETURN_TYPE = YES_ERROR;
				GCC_WARN_UNDECLARED_SELECTOR = YES;
				GCC_WARN_UNINITIALIZED_AUTOS = YES_AGGRESSIVE;
				GCC_WARN_UNUSED_FUNCTION = YES;
				GCC_WARN_UNUSED_VARIABLE = YES;
				IPHONEOS_DEPLOYMENT_TARGET = 12.0;
				MTL_ENABLE_DEBUG_INFO = NO;
				MTL_FAST_MATH = YES;
				SDKROOT = iphoneos;
				SWIFT_COMPILATION_MODE = wholemodule;
				SWIFT_OPTIMIZATION_LEVEL = "-O";
				VALIDATE_PRODUCT = YES;
			};
			name = Release;
		};
		E0EBA6C7250A8E30004CD943 /* Debug */ = {
			isa = XCBuildConfiguration;
			buildSettings = {
				ASSETCATALOG_COMPILER_APPICON_NAME = AppIcon;
				CLANG_ENABLE_MODULES = YES;
				CODE_SIGN_STYLE = Automatic;
				DEVELOPMENT_TEAM = PLZNGC64TN;
				INFOPLIST_FILE = "Tinkoff Fintech App/Info.plist";
				IPHONEOS_DEPLOYMENT_TARGET = 12.0;
				LD_RUNPATH_SEARCH_PATHS = (
					"$(inherited)",
					"@executable_path/Frameworks",
				);
				PRODUCT_BUNDLE_IDENTIFIER = "-ru.Dobrotolyubov-chat";
				PRODUCT_NAME = "$(TARGET_NAME)";
				SWIFT_OBJC_BRIDGING_HEADER = "Tinkoff Fintech App/Tinkoff Fintech App-Bridging-Header.h";
				SWIFT_OPTIMIZATION_LEVEL = "-Onone";
				SWIFT_VERSION = 5.0;
				TARGETED_DEVICE_FAMILY = 1;
			};
			name = Debug;
		};
		E0EBA6C8250A8E30004CD943 /* Release */ = {
			isa = XCBuildConfiguration;
			buildSettings = {
				ASSETCATALOG_COMPILER_APPICON_NAME = AppIcon;
				CLANG_ENABLE_MODULES = YES;
				CODE_SIGN_STYLE = Automatic;
				DEVELOPMENT_TEAM = PLZNGC64TN;
				INFOPLIST_FILE = "Tinkoff Fintech App/Info.plist";
				IPHONEOS_DEPLOYMENT_TARGET = 12.0;
				LD_RUNPATH_SEARCH_PATHS = (
					"$(inherited)",
					"@executable_path/Frameworks",
				);
				PRODUCT_BUNDLE_IDENTIFIER = "-ru.Dobrotolyubov-chat";
				PRODUCT_NAME = "$(TARGET_NAME)";
				SWIFT_OBJC_BRIDGING_HEADER = "Tinkoff Fintech App/Tinkoff Fintech App-Bridging-Header.h";
				SWIFT_VERSION = 5.0;
				TARGETED_DEVICE_FAMILY = 1;
			};
			name = Release;
		};
/* End XCBuildConfiguration section */

/* Begin XCConfigurationList section */
		E0EBA6AD250A8E2D004CD943 /* Build configuration list for PBXProject "Tinkoff Fintech App" */ = {
			isa = XCConfigurationList;
			buildConfigurations = (
				E0EBA6C4250A8E30004CD943 /* Debug */,
				E0EBA6C5250A8E30004CD943 /* Release */,
			);
			defaultConfigurationIsVisible = 0;
			defaultConfigurationName = Release;
		};
		E0EBA6C6250A8E30004CD943 /* Build configuration list for PBXNativeTarget "Tinkoff Fintech App" */ = {
			isa = XCConfigurationList;
			buildConfigurations = (
				E0EBA6C7250A8E30004CD943 /* Debug */,
				E0EBA6C8250A8E30004CD943 /* Release */,
			);
			defaultConfigurationIsVisible = 0;
			defaultConfigurationName = Release;
		};
/* End XCConfigurationList section */
	};
	rootObject = E0EBA6AA250A8E2D004CD943 /* Project object */;
}
